{
  "name": "server",
  "version": "1.0.0",
  "lockfileVersion": 2,
  "requires": true,
  "packages": {
    "": {
      "name": "server",
      "version": "1.0.0",
      "license": "ISC",
      "dependencies": {
        "@youkuohao/worker": "file:../.."
      }
    },
    "../..": {
      "name": "@youkuohao/worker",
      "version": "0.70.2",
      "dependencies": {
        "content-type": "^1.0.4",
        "eventsource": "^2.0.2",
        "find-up": "^6.3.0",
        "http-errors": "^1.7.1",
        "jsdom": "^16.5.1",
        "raw-body": "^2.5.1"
      },
      "devDependencies": {
        "@types/node": "^18.0.0",
        "typescript": "^4.7.3"
      }
    },
    "node_modules/@youkuohao/worker": {
      "resolved": "../..",
      "link": true
    }
  },
  "dependencies": {
    "@youkuohao/worker": {
      "version": "file:../..",
      "requires": {
        "@types/node": "^18.0.0",
        "content-type": "^1.0.4",
        "eventsource": "^2.0.2",
        "find-up": "^6.3.0",
        "http-errors": "^1.7.1",
        "jsdom": "^16.5.1",
        "raw-body": "^2.5.1",
        "typescript": "^4.7.3"
      }
    }
  }
}
